// !$*UTF8*$!
{
	archiveVersion = 1;
	classes = {
	};
	objectVersion = 52;
	objects = {

/* Begin PBXBuildFile section */
		98052BFE268A798400F3FB45 /* TopSearchesViewController.swift in Sources */ = {isa = PBXBuildFile; fileRef = 98052BFD268A798400F3FB45 /* TopSearchesViewController.swift */; };
		98052C00268A79AF00F3FB45 /* ComingSoonViewController.swift in Sources */ = {isa = PBXBuildFile; fileRef = 98052BFF268A79AF00F3FB45 /* ComingSoonViewController.swift */; };
		98052C02268A79D100F3FB45 /* FavouritesViewController.swift in Sources */ = {isa = PBXBuildFile; fileRef = 98052C01268A79D100F3FB45 /* FavouritesViewController.swift */; };
		98052C05268C08E900F3FB45 /* URLSessionDecodable in Frameworks */ = {isa = PBXBuildFile; productRef = 98052C04268C08E900F3FB45 /* URLSessionDecodable */; };
		98052C07268C08F600F3FB45 /* WebService.swift in Sources */ = {isa = PBXBuildFile; fileRef = 98052C06268C08F600F3FB45 /* WebService.swift */; };
		98052C09268F9C6800F3FB45 /* WebServiceLocal.swift in Sources */ = {isa = PBXBuildFile; fileRef = 98052C08268F9C6800F3FB45 /* WebServiceLocal.swift */; };
		98052C10268FB32800F3FB45 /* WebServiceRemote.swift in Sources */ = {isa = PBXBuildFile; fileRef = 98052C0F268FB32800F3FB45 /* WebServiceRemote.swift */; };
		98052C13268FB4AC00F3FB45 /* TextViewCell.swift in Sources */ = {isa = PBXBuildFile; fileRef = 98052C12268FB4AC00F3FB45 /* TextViewCell.swift */; };
		98052C162690EA9700F3FB45 /* RxSwift in Frameworks */ = {isa = PBXBuildFile; productRef = 98052C152690EA9700F3FB45 /* RxSwift */; };
		98052C182690EA9700F3FB45 /* RxCocoa in Frameworks */ = {isa = PBXBuildFile; productRef = 98052C172690EA9700F3FB45 /* RxCocoa */; };
		98052C1A2691C88800F3FB45 /* Loading.swift in Sources */ = {isa = PBXBuildFile; fileRef = 98052C192691C88700F3FB45 /* Loading.swift */; };
		98052C1D2691DA8600F3FB45 /* Dispatch.swift in Sources */ = {isa = PBXBuildFile; fileRef = 98052C1C2691DA8600F3FB45 /* Dispatch.swift */; };
		986D43FA269E3B0100732225 /* BookViewCell.swift in Sources */ = {isa = PBXBuildFile; fileRef = 986D43F9269E3B0100732225 /* BookViewCell.swift */; };
		986D43FC26A0DD2500732225 /* ImageLoader.swift in Sources */ = {isa = PBXBuildFile; fileRef = 986D43FB26A0DD2500732225 /* ImageLoader.swift */; };
		986D43FE26A0EB5100732225 /* CellConst.swift in Sources */ = {isa = PBXBuildFile; fileRef = 986D43FD26A0EB5100732225 /* CellConst.swift */; };
		98A67346267E0B7A001F643E /* AppDelegate.swift in Sources */ = {isa = PBXBuildFile; fileRef = 98A67345267E0B7A001F643E /* AppDelegate.swift */; };
		98A6734F267E0B7B001F643E /* Assets.xcassets in Resources */ = {isa = PBXBuildFile; fileRef = 98A6734E267E0B7B001F643E /* Assets.xcassets */; };
		98A67352267E0B7B001F643E /* LaunchScreen.storyboard in Resources */ = {isa = PBXBuildFile; fileRef = 98A67350267E0B7B001F643E /* LaunchScreen.storyboard */; };
		98A6735D267E0B7B001F643E /* IrishInterestTests.swift in Sources */ = {isa = PBXBuildFile; fileRef = 98A6735C267E0B7B001F643E /* IrishInterestTests.swift */; };
		98A67368267E0B7B001F643E /* IrishInterestUITests.swift in Sources */ = {isa = PBXBuildFile; fileRef = 98A67367267E0B7B001F643E /* IrishInterestUITests.swift */; };
		98A67376267E124C001F643E /* TabViewController.swift in Sources */ = {isa = PBXBuildFile; fileRef = 98A67375267E124C001F643E /* TabViewController.swift */; };
		98A6737F267E189D001F643E /* Brand.swift in Sources */ = {isa = PBXBuildFile; fileRef = 98A6737A267E189D001F643E /* Brand.swift */; };
		98A67380267E189D001F643E /* ActionButton.swift in Sources */ = {isa = PBXBuildFile; fileRef = 98A6737B267E189D001F643E /* ActionButton.swift */; };
		98A67381267E189D001F643E /* UIColorExt.swift in Sources */ = {isa = PBXBuildFile; fileRef = 98A6737C267E189D001F643E /* UIColorExt.swift */; };
		98A67382267E189D001F643E /* VStack.swift in Sources */ = {isa = PBXBuildFile; fileRef = 98A6737D267E189D001F643E /* VStack.swift */; };
		98A67383267E189D001F643E /* UI.swift in Sources */ = {isa = PBXBuildFile; fileRef = 98A6737E267E189D001F643E /* UI.swift */; };
		98A67387267E1D2C001F643E /* BarItem.swift in Sources */ = {isa = PBXBuildFile; fileRef = 98A67386267E1D2C001F643E /* BarItem.swift */; };
		98A67389267E26E8001F643E /* ListBooksViewController.swift in Sources */ = {isa = PBXBuildFile; fileRef = 98A67388267E26E8001F643E /* ListBooksViewController.swift */; };
		98A67393267E8964001F643E /* AuthorsViewController.swift in Sources */ = {isa = PBXBuildFile; fileRef = 98A67392267E8964001F643E /* AuthorsViewController.swift */; };
		98A67395267E8A60001F643E /* CategoriesViewController.swift in Sources */ = {isa = PBXBuildFile; fileRef = 98A67394267E8A60001F643E /* CategoriesViewController.swift */; };
		98B81A3D26B55CEF00197290 /* TextWithDetailViewCell.swift in Sources */ = {isa = PBXBuildFile; fileRef = 98B81A3C26B55CEF00197290 /* TextWithDetailViewCell.swift */; };
		98BCFEFF2687E3FB00555587 /* SearchViewController.swift in Sources */ = {isa = PBXBuildFile; fileRef = 98BCFEFE2687E3FB00555587 /* SearchViewController.swift */; };
		98BCFF05268800B500555587 /* UserDefaultsDataIO.swift in Sources */ = {isa = PBXBuildFile; fileRef = 98BCFF01268800B500555587 /* UserDefaultsDataIO.swift */; };
		98BCFF06268800B500555587 /* LocalStore.swift in Sources */ = {isa = PBXBuildFile; fileRef = 98BCFF02268800B500555587 /* LocalStore.swift */; };
		98BCFF07268800B500555587 /* FileDataIO.swift in Sources */ = {isa = PBXBuildFile; fileRef = 98BCFF03268800B500555587 /* FileDataIO.swift */; };
		98BCFF08268800B500555587 /* DataIO.swift in Sources */ = {isa = PBXBuildFile; fileRef = 98BCFF04268800B500555587 /* DataIO.swift */; };
		98E8A4F826A8A90700F5D983 /* DetailsViewController.swift in Sources */ = {isa = PBXBuildFile; fileRef = 98E8A4F726A8A90700F5D983 /* DetailsViewController.swift */; };
		98E8A4FB26AB410E00F5D983 /* details.json in Resources */ = {isa = PBXBuildFile; fileRef = 98E8A4FA26AB410E00F5D983 /* details.json */; };
		98E8A4FD26AB64C300F5D983 /* TitleLabel.swift in Sources */ = {isa = PBXBuildFile; fileRef = 98E8A4FC26AB64C300F5D983 /* TitleLabel.swift */; };
		98E8A4FF26AB6DE700F5D983 /* BookCoverPopUp.swift in Sources */ = {isa = PBXBuildFile; fileRef = 98E8A4FE26AB6DE700F5D983 /* BookCoverPopUp.swift */; };
/* End PBXBuildFile section */

/* Begin PBXContainerItemProxy section */
		98A67359267E0B7B001F643E /* PBXContainerItemProxy */ = {
			isa = PBXContainerItemProxy;
			containerPortal = 98A6733A267E0B7A001F643E /* Project object */;
			proxyType = 1;
			remoteGlobalIDString = 98A67341267E0B7A001F643E;
			remoteInfo = IrishInterest;
		};
		98A67364267E0B7B001F643E /* PBXContainerItemProxy */ = {
			isa = PBXContainerItemProxy;
			containerPortal = 98A6733A267E0B7A001F643E /* Project object */;
			proxyType = 1;
			remoteGlobalIDString = 98A67341267E0B7A001F643E;
			remoteInfo = IrishInterest;
		};
/* End PBXContainerItemProxy section */

/* Begin PBXFileReference section */
		98052BFD268A798400F3FB45 /* TopSearchesViewController.swift */ = {isa = PBXFileReference; lastKnownFileType = sourcecode.swift; path = TopSearchesViewController.swift; sourceTree = "<group>"; };
		98052BFF268A79AF00F3FB45 /* ComingSoonViewController.swift */ = {isa = PBXFileReference; lastKnownFileType = sourcecode.swift; path = ComingSoonViewController.swift; sourceTree = "<group>"; };
		98052C01268A79D100F3FB45 /* FavouritesViewController.swift */ = {isa = PBXFileReference; lastKnownFileType = sourcecode.swift; path = FavouritesViewController.swift; sourceTree = "<group>"; };
		98052C06268C08F600F3FB45 /* WebService.swift */ = {isa = PBXFileReference; lastKnownFileType = sourcecode.swift; path = WebService.swift; sourceTree = "<group>"; };
		98052C08268F9C6800F3FB45 /* WebServiceLocal.swift */ = {isa = PBXFileReference; lastKnownFileType = sourcecode.swift; path = WebServiceLocal.swift; sourceTree = "<group>"; };
		98052C0F268FB32800F3FB45 /* WebServiceRemote.swift */ = {isa = PBXFileReference; lastKnownFileType = sourcecode.swift; path = WebServiceRemote.swift; sourceTree = "<group>"; };
		98052C12268FB4AC00F3FB45 /* TextViewCell.swift */ = {isa = PBXFileReference; lastKnownFileType = sourcecode.swift; path = TextViewCell.swift; sourceTree = "<group>"; };
		98052C192691C88700F3FB45 /* Loading.swift */ = {isa = PBXFileReference; lastKnownFileType = sourcecode.swift; path = Loading.swift; sourceTree = "<group>"; };
		98052C1C2691DA8600F3FB45 /* Dispatch.swift */ = {isa = PBXFileReference; lastKnownFileType = sourcecode.swift; path = Dispatch.swift; sourceTree = "<group>"; };
		986D43F9269E3B0100732225 /* BookViewCell.swift */ = {isa = PBXFileReference; lastKnownFileType = sourcecode.swift; path = BookViewCell.swift; sourceTree = "<group>"; };
		986D43FB26A0DD2500732225 /* ImageLoader.swift */ = {isa = PBXFileReference; lastKnownFileType = sourcecode.swift; path = ImageLoader.swift; sourceTree = "<group>"; };
		986D43FD26A0EB5100732225 /* CellConst.swift */ = {isa = PBXFileReference; lastKnownFileType = sourcecode.swift; path = CellConst.swift; sourceTree = "<group>"; };
		98A67342267E0B7A001F643E /* IrishInterest.app */ = {isa = PBXFileReference; explicitFileType = wrapper.application; includeInIndex = 0; path = IrishInterest.app; sourceTree = BUILT_PRODUCTS_DIR; };
		98A67345267E0B7A001F643E /* AppDelegate.swift */ = {isa = PBXFileReference; lastKnownFileType = sourcecode.swift; path = AppDelegate.swift; sourceTree = "<group>"; };
		98A6734E267E0B7B001F643E /* Assets.xcassets */ = {isa = PBXFileReference; lastKnownFileType = folder.assetcatalog; path = Assets.xcassets; sourceTree = "<group>"; };
		98A67351267E0B7B001F643E /* Base */ = {isa = PBXFileReference; lastKnownFileType = file.storyboard; name = Base; path = Base.lproj/LaunchScreen.storyboard; sourceTree = "<group>"; };
		98A67353267E0B7B001F643E /* Info.plist */ = {isa = PBXFileReference; lastKnownFileType = text.plist.xml; path = Info.plist; sourceTree = "<group>"; };
		98A67358267E0B7B001F643E /* IrishInterestTests.xctest */ = {isa = PBXFileReference; explicitFileType = wrapper.cfbundle; includeInIndex = 0; path = IrishInterestTests.xctest; sourceTree = BUILT_PRODUCTS_DIR; };
		98A6735C267E0B7B001F643E /* IrishInterestTests.swift */ = {isa = PBXFileReference; lastKnownFileType = sourcecode.swift; path = IrishInterestTests.swift; sourceTree = "<group>"; };
		98A6735E267E0B7B001F643E /* Info.plist */ = {isa = PBXFileReference; lastKnownFileType = text.plist.xml; path = Info.plist; sourceTree = "<group>"; };
		98A67363267E0B7B001F643E /* IrishInterestUITests.xctest */ = {isa = PBXFileReference; explicitFileType = wrapper.cfbundle; includeInIndex = 0; path = IrishInterestUITests.xctest; sourceTree = BUILT_PRODUCTS_DIR; };
		98A67367267E0B7B001F643E /* IrishInterestUITests.swift */ = {isa = PBXFileReference; lastKnownFileType = sourcecode.swift; path = IrishInterestUITests.swift; sourceTree = "<group>"; };
		98A67369267E0B7B001F643E /* Info.plist */ = {isa = PBXFileReference; lastKnownFileType = text.plist.xml; path = Info.plist; sourceTree = "<group>"; };
		98A67375267E124C001F643E /* TabViewController.swift */ = {isa = PBXFileReference; lastKnownFileType = sourcecode.swift; path = TabViewController.swift; sourceTree = "<group>"; };
		98A6737A267E189D001F643E /* Brand.swift */ = {isa = PBXFileReference; fileEncoding = 4; lastKnownFileType = sourcecode.swift; path = Brand.swift; sourceTree = "<group>"; };
		98A6737B267E189D001F643E /* ActionButton.swift */ = {isa = PBXFileReference; fileEncoding = 4; lastKnownFileType = sourcecode.swift; path = ActionButton.swift; sourceTree = "<group>"; };
		98A6737C267E189D001F643E /* UIColorExt.swift */ = {isa = PBXFileReference; fileEncoding = 4; lastKnownFileType = sourcecode.swift; path = UIColorExt.swift; sourceTree = "<group>"; };
		98A6737D267E189D001F643E /* VStack.swift */ = {isa = PBXFileReference; fileEncoding = 4; lastKnownFileType = sourcecode.swift; path = VStack.swift; sourceTree = "<group>"; };
		98A6737E267E189D001F643E /* UI.swift */ = {isa = PBXFileReference; fileEncoding = 4; lastKnownFileType = sourcecode.swift; path = UI.swift; sourceTree = "<group>"; };
		98A67386267E1D2C001F643E /* BarItem.swift */ = {isa = PBXFileReference; lastKnownFileType = sourcecode.swift; path = BarItem.swift; sourceTree = "<group>"; };
		98A67388267E26E8001F643E /* ListBooksViewController.swift */ = {isa = PBXFileReference; lastKnownFileType = sourcecode.swift; path = ListBooksViewController.swift; sourceTree = "<group>"; };
		98A67392267E8964001F643E /* AuthorsViewController.swift */ = {isa = PBXFileReference; lastKnownFileType = sourcecode.swift; path = AuthorsViewController.swift; sourceTree = "<group>"; };
		98A67394267E8A60001F643E /* CategoriesViewController.swift */ = {isa = PBXFileReference; lastKnownFileType = sourcecode.swift; path = CategoriesViewController.swift; sourceTree = "<group>"; };
		98B81A3C26B55CEF00197290 /* TextWithDetailViewCell.swift */ = {isa = PBXFileReference; lastKnownFileType = sourcecode.swift; path = TextWithDetailViewCell.swift; sourceTree = "<group>"; };
		98BCFEFE2687E3FB00555587 /* SearchViewController.swift */ = {isa = PBXFileReference; lastKnownFileType = sourcecode.swift; path = SearchViewController.swift; sourceTree = "<group>"; };
		98BCFF01268800B500555587 /* UserDefaultsDataIO.swift */ = {isa = PBXFileReference; fileEncoding = 4; lastKnownFileType = sourcecode.swift; path = UserDefaultsDataIO.swift; sourceTree = "<group>"; };
		98BCFF02268800B500555587 /* LocalStore.swift */ = {isa = PBXFileReference; fileEncoding = 4; lastKnownFileType = sourcecode.swift; path = LocalStore.swift; sourceTree = "<group>"; };
		98BCFF03268800B500555587 /* FileDataIO.swift */ = {isa = PBXFileReference; fileEncoding = 4; lastKnownFileType = sourcecode.swift; path = FileDataIO.swift; sourceTree = "<group>"; };
		98BCFF04268800B500555587 /* DataIO.swift */ = {isa = PBXFileReference; fileEncoding = 4; lastKnownFileType = sourcecode.swift; path = DataIO.swift; sourceTree = "<group>"; };
		98E8A4F726A8A90700F5D983 /* DetailsViewController.swift */ = {isa = PBXFileReference; lastKnownFileType = sourcecode.swift; path = DetailsViewController.swift; sourceTree = "<group>"; };
		98E8A4FA26AB410E00F5D983 /* details.json */ = {isa = PBXFileReference; lastKnownFileType = text.json; path = details.json; sourceTree = "<group>"; };
		98E8A4FC26AB64C300F5D983 /* TitleLabel.swift */ = {isa = PBXFileReference; lastKnownFileType = sourcecode.swift; path = TitleLabel.swift; sourceTree = "<group>"; };
		98E8A4FE26AB6DE700F5D983 /* BookCoverPopUp.swift */ = {isa = PBXFileReference; lastKnownFileType = sourcecode.swift; path = BookCoverPopUp.swift; sourceTree = "<group>"; };
/* End PBXFileReference section */

/* Begin PBXFrameworksBuildPhase section */
		98A6733F267E0B7A001F643E /* Frameworks */ = {
			isa = PBXFrameworksBuildPhase;
			buildActionMask = 2147483647;
			files = (
				98052C182690EA9700F3FB45 /* RxCocoa in Frameworks */,
				98052C162690EA9700F3FB45 /* RxSwift in Frameworks */,
				98052C05268C08E900F3FB45 /* URLSessionDecodable in Frameworks */,
			);
			runOnlyForDeploymentPostprocessing = 0;
		};
		98A67355267E0B7B001F643E /* Frameworks */ = {
			isa = PBXFrameworksBuildPhase;
			buildActionMask = 2147483647;
			files = (
			);
			runOnlyForDeploymentPostprocessing = 0;
		};
		98A67360267E0B7B001F643E /* Frameworks */ = {
			isa = PBXFrameworksBuildPhase;
			buildActionMask = 2147483647;
			files = (
			);
			runOnlyForDeploymentPostprocessing = 0;
		};
/* End PBXFrameworksBuildPhase section */

/* Begin PBXGroup section */
		98052C11268FB49800F3FB45 /* Collections */ = {
			isa = PBXGroup;
			children = (
				986D43F9269E3B0100732225 /* BookViewCell.swift */,
				986D43FD26A0EB5100732225 /* CellConst.swift */,
				98A67388267E26E8001F643E /* ListBooksViewController.swift */,
				98052C12268FB4AC00F3FB45 /* TextViewCell.swift */,
				98B81A3C26B55CEF00197290 /* TextWithDetailViewCell.swift */,
			);
			path = Collections;
			sourceTree = "<group>";
		};
		98052C1B2691DA7800F3FB45 /* Utilities */ = {
			isa = PBXGroup;
			children = (
				98052C1C2691DA8600F3FB45 /* Dispatch.swift */,
				986D43FB26A0DD2500732225 /* ImageLoader.swift */,
			);
			path = Utilities;
			sourceTree = "<group>";
		};
		98A67339267E0B7A001F643E = {
			isa = PBXGroup;
			children = (
				98A67344267E0B7A001F643E /* IrishInterest */,
				98A6735B267E0B7B001F643E /* IrishInterestTests */,
				98A67366267E0B7B001F643E /* IrishInterestUITests */,
				98A67343267E0B7A001F643E /* Products */,
			);
			sourceTree = "<group>";
		};
		98A67343267E0B7A001F643E /* Products */ = {
			isa = PBXGroup;
			children = (
				98A67342267E0B7A001F643E /* IrishInterest.app */,
				98A67358267E0B7B001F643E /* IrishInterestTests.xctest */,
				98A67363267E0B7B001F643E /* IrishInterestUITests.xctest */,
			);
			name = Products;
			sourceTree = "<group>";
		};
		98A67344267E0B7A001F643E /* IrishInterest */ = {
			isa = PBXGroup;
			children = (
				98E8A4F626A8A8F900F5D983 /* BookDetails */,
				98052C1B2691DA7800F3FB45 /* Utilities */,
				98052C11268FB49800F3FB45 /* Collections */,
				98BCFF002688008F00555587 /* LocalStore */,
				98A6738C267E8386001F643E /* WebService */,
				98A67379267E187B001F643E /* UI */,
				98A67345267E0B7A001F643E /* AppDelegate.swift */,
				98A6734E267E0B7B001F643E /* Assets.xcassets */,
				98A67350267E0B7B001F643E /* LaunchScreen.storyboard */,
				98A67353267E0B7B001F643E /* Info.plist */,
				98A67375267E124C001F643E /* TabViewController.swift */,
				98A67392267E8964001F643E /* AuthorsViewController.swift */,
				98A67394267E8A60001F643E /* CategoriesViewController.swift */,
				98BCFEFE2687E3FB00555587 /* SearchViewController.swift */,
				98052BFD268A798400F3FB45 /* TopSearchesViewController.swift */,
				98052BFF268A79AF00F3FB45 /* ComingSoonViewController.swift */,
				98052C01268A79D100F3FB45 /* FavouritesViewController.swift */,
			);
			path = IrishInterest;
			sourceTree = "<group>";
		};
		98A6735B267E0B7B001F643E /* IrishInterestTests */ = {
			isa = PBXGroup;
			children = (
				98A6735C267E0B7B001F643E /* IrishInterestTests.swift */,
				98A6735E267E0B7B001F643E /* Info.plist */,
			);
			path = IrishInterestTests;
			sourceTree = "<group>";
		};
		98A67366267E0B7B001F643E /* IrishInterestUITests */ = {
			isa = PBXGroup;
			children = (
				98A67367267E0B7B001F643E /* IrishInterestUITests.swift */,
				98A67369267E0B7B001F643E /* Info.plist */,
			);
			path = IrishInterestUITests;
			sourceTree = "<group>";
		};
		98A67379267E187B001F643E /* UI */ = {
			isa = PBXGroup;
			children = (
				98A6737B267E189D001F643E /* ActionButton.swift */,
				98A6737A267E189D001F643E /* Brand.swift */,
				98A6737E267E189D001F643E /* UI.swift */,
				98A6737C267E189D001F643E /* UIColorExt.swift */,
				98A6737D267E189D001F643E /* VStack.swift */,
				98A67386267E1D2C001F643E /* BarItem.swift */,
				98052C192691C88700F3FB45 /* Loading.swift */,
			);
			path = UI;
			sourceTree = "<group>";
		};
		98A6738C267E8386001F643E /* WebService */ = {
			isa = PBXGroup;
			children = (
				98E8A4F926AB40F600F5D983 /* local */,
				98052C06268C08F600F3FB45 /* WebService.swift */,
				98052C08268F9C6800F3FB45 /* WebServiceLocal.swift */,
				98052C0F268FB32800F3FB45 /* WebServiceRemote.swift */,
			);
			path = WebService;
			sourceTree = "<group>";
		};
		98BCFF002688008F00555587 /* LocalStore */ = {
			isa = PBXGroup;
			children = (
				98BCFF04268800B500555587 /* DataIO.swift */,
				98BCFF03268800B500555587 /* FileDataIO.swift */,
				98BCFF02268800B500555587 /* LocalStore.swift */,
				98BCFF01268800B500555587 /* UserDefaultsDataIO.swift */,
			);
			path = LocalStore;
			sourceTree = "<group>";
		};
		98E8A4F626A8A8F900F5D983 /* BookDetails */ = {
			isa = PBXGroup;
			children = (
				98E8A4F726A8A90700F5D983 /* DetailsViewController.swift */,
				98E8A4FC26AB64C300F5D983 /* TitleLabel.swift */,
				98E8A4FE26AB6DE700F5D983 /* BookCoverPopUp.swift */,
			);
			path = BookDetails;
			sourceTree = "<group>";
		};
		98E8A4F926AB40F600F5D983 /* local */ = {
			isa = PBXGroup;
			children = (
				98E8A4FA26AB410E00F5D983 /* details.json */,
			);
			path = local;
			sourceTree = "<group>";
		};
/* End PBXGroup section */

/* Begin PBXNativeTarget section */
		98A67341267E0B7A001F643E /* IrishInterest */ = {
			isa = PBXNativeTarget;
			buildConfigurationList = 98A6736C267E0B7B001F643E /* Build configuration list for PBXNativeTarget "IrishInterest" */;
			buildPhases = (
				98A6733E267E0B7A001F643E /* Sources */,
				98A6733F267E0B7A001F643E /* Frameworks */,
				98A67340267E0B7A001F643E /* Resources */,
			);
			buildRules = (
			);
			dependencies = (
			);
			name = IrishInterest;
			packageProductDependencies = (
				98052C04268C08E900F3FB45 /* URLSessionDecodable */,
				98052C152690EA9700F3FB45 /* RxSwift */,
				98052C172690EA9700F3FB45 /* RxCocoa */,
			);
			productName = IrishInterest;
			productReference = 98A67342267E0B7A001F643E /* IrishInterest.app */;
			productType = "com.apple.product-type.application";
		};
		98A67357267E0B7B001F643E /* IrishInterestTests */ = {
			isa = PBXNativeTarget;
			buildConfigurationList = 98A6736F267E0B7B001F643E /* Build configuration list for PBXNativeTarget "IrishInterestTests" */;
			buildPhases = (
				98A67354267E0B7B001F643E /* Sources */,
				98A67355267E0B7B001F643E /* Frameworks */,
				98A67356267E0B7B001F643E /* Resources */,
			);
			buildRules = (
			);
			dependencies = (
				98A6735A267E0B7B001F643E /* PBXTargetDependency */,
			);
			name = IrishInterestTests;
			productName = IrishInterestTests;
			productReference = 98A67358267E0B7B001F643E /* IrishInterestTests.xctest */;
			productType = "com.apple.product-type.bundle.unit-test";
		};
		98A67362267E0B7B001F643E /* IrishInterestUITests */ = {
			isa = PBXNativeTarget;
			buildConfigurationList = 98A67372267E0B7B001F643E /* Build configuration list for PBXNativeTarget "IrishInterestUITests" */;
			buildPhases = (
				98A6735F267E0B7B001F643E /* Sources */,
				98A67360267E0B7B001F643E /* Frameworks */,
				98A67361267E0B7B001F643E /* Resources */,
			);
			buildRules = (
			);
			dependencies = (
				98A67365267E0B7B001F643E /* PBXTargetDependency */,
			);
			name = IrishInterestUITests;
			productName = IrishInterestUITests;
			productReference = 98A67363267E0B7B001F643E /* IrishInterestUITests.xctest */;
			productType = "com.apple.product-type.bundle.ui-testing";
		};
/* End PBXNativeTarget section */

/* Begin PBXProject section */
		98A6733A267E0B7A001F643E /* Project object */ = {
			isa = PBXProject;
			attributes = {
				LastSwiftUpdateCheck = 1250;
				LastUpgradeCheck = 1250;
				TargetAttributes = {
					98A67341267E0B7A001F643E = {
						CreatedOnToolsVersion = 12.5;
					};
					98A67357267E0B7B001F643E = {
						CreatedOnToolsVersion = 12.5;
						TestTargetID = 98A67341267E0B7A001F643E;
					};
					98A67362267E0B7B001F643E = {
						CreatedOnToolsVersion = 12.5;
						TestTargetID = 98A67341267E0B7A001F643E;
					};
				};
			};
			buildConfigurationList = 98A6733D267E0B7A001F643E /* Build configuration list for PBXProject "IrishInterest" */;
			compatibilityVersion = "Xcode 9.3";
			developmentRegion = en;
			hasScannedForEncodings = 0;
			knownRegions = (
				en,
				Base,
			);
			mainGroup = 98A67339267E0B7A001F643E;
			packageReferences = (
				98052C03268C08E900F3FB45 /* XCRemoteSwiftPackageReference "URLSessionDecodable" */,
				98052C142690EA9700F3FB45 /* XCRemoteSwiftPackageReference "RxSwift" */,
			);
			productRefGroup = 98A67343267E0B7A001F643E /* Products */;
			projectDirPath = "";
			projectRoot = "";
			targets = (
				98A67341267E0B7A001F643E /* IrishInterest */,
				98A67357267E0B7B001F643E /* IrishInterestTests */,
				98A67362267E0B7B001F643E /* IrishInterestUITests */,
			);
		};
/* End PBXProject section */

/* Begin PBXResourcesBuildPhase section */
		98A67340267E0B7A001F643E /* Resources */ = {
			isa = PBXResourcesBuildPhase;
			buildActionMask = 2147483647;
			files = (
				98A67352267E0B7B001F643E /* LaunchScreen.storyboard in Resources */,
				98E8A4FB26AB410E00F5D983 /* details.json in Resources */,
				98A6734F267E0B7B001F643E /* Assets.xcassets in Resources */,
			);
			runOnlyForDeploymentPostprocessing = 0;
		};
		98A67356267E0B7B001F643E /* Resources */ = {
			isa = PBXResourcesBuildPhase;
			buildActionMask = 2147483647;
			files = (
			);
			runOnlyForDeploymentPostprocessing = 0;
		};
		98A67361267E0B7B001F643E /* Resources */ = {
			isa = PBXResourcesBuildPhase;
			buildActionMask = 2147483647;
			files = (
			);
			runOnlyForDeploymentPostprocessing = 0;
		};
/* End PBXResourcesBuildPhase section */

/* Begin PBXSourcesBuildPhase section */
		98A6733E267E0B7A001F643E /* Sources */ = {
			isa = PBXSourcesBuildPhase;
			buildActionMask = 2147483647;
			files = (
				98E8A4FF26AB6DE700F5D983 /* BookCoverPopUp.swift in Sources */,
				98A67346267E0B7A001F643E /* AppDelegate.swift in Sources */,
				98052C10268FB32800F3FB45 /* WebServiceRemote.swift in Sources */,
				98BCFF06268800B500555587 /* LocalStore.swift in Sources */,
				98E8A4FD26AB64C300F5D983 /* TitleLabel.swift in Sources */,
				98052BFE268A798400F3FB45 /* TopSearchesViewController.swift in Sources */,
				98B81A3D26B55CEF00197290 /* TextWithDetailViewCell.swift in Sources */,
				98A67395267E8A60001F643E /* CategoriesViewController.swift in Sources */,
				98A67383267E189D001F643E /* UI.swift in Sources */,
				98A67387267E1D2C001F643E /* BarItem.swift in Sources */,
				98052C00268A79AF00F3FB45 /* ComingSoonViewController.swift in Sources */,
				98A6737F267E189D001F643E /* Brand.swift in Sources */,
				98052C02268A79D100F3FB45 /* FavouritesViewController.swift in Sources */,
				98052C07268C08F600F3FB45 /* WebService.swift in Sources */,
				98A67389267E26E8001F643E /* ListBooksViewController.swift in Sources */,
				986D43FA269E3B0100732225 /* BookViewCell.swift in Sources */,
				98052C1A2691C88800F3FB45 /* Loading.swift in Sources */,
				986D43FC26A0DD2500732225 /* ImageLoader.swift in Sources */,
				98BCFEFF2687E3FB00555587 /* SearchViewController.swift in Sources */,
				98052C09268F9C6800F3FB45 /* WebServiceLocal.swift in Sources */,
				98A67393267E8964001F643E /* AuthorsViewController.swift in Sources */,
				98BCFF08268800B500555587 /* DataIO.swift in Sources */,
				98A67376267E124C001F643E /* TabViewController.swift in Sources */,
				98BCFF05268800B500555587 /* UserDefaultsDataIO.swift in Sources */,
				98A67381267E189D001F643E /* UIColorExt.swift in Sources */,
				98BCFF07268800B500555587 /* FileDataIO.swift in Sources */,
				98052C13268FB4AC00F3FB45 /* TextViewCell.swift in Sources */,
				98A67380267E189D001F643E /* ActionButton.swift in Sources */,
				98A67382267E189D001F643E /* VStack.swift in Sources */,
				98052C1D2691DA8600F3FB45 /* Dispatch.swift in Sources */,
				986D43FE26A0EB5100732225 /* CellConst.swift in Sources */,
				98E8A4F826A8A90700F5D983 /* DetailsViewController.swift in Sources */,
			);
			runOnlyForDeploymentPostprocessing = 0;
		};
		98A67354267E0B7B001F643E /* Sources */ = {
			isa = PBXSourcesBuildPhase;
			buildActionMask = 2147483647;
			files = (
				98A6735D267E0B7B001F643E /* IrishInterestTests.swift in Sources */,
			);
			runOnlyForDeploymentPostprocessing = 0;
		};
		98A6735F267E0B7B001F643E /* Sources */ = {
			isa = PBXSourcesBuildPhase;
			buildActionMask = 2147483647;
			files = (
				98A67368267E0B7B001F643E /* IrishInterestUITests.swift in Sources */,
			);
			runOnlyForDeploymentPostprocessing = 0;
		};
/* End PBXSourcesBuildPhase section */

/* Begin PBXTargetDependency section */
		98A6735A267E0B7B001F643E /* PBXTargetDependency */ = {
			isa = PBXTargetDependency;
			target = 98A67341267E0B7A001F643E /* IrishInterest */;
			targetProxy = 98A67359267E0B7B001F643E /* PBXContainerItemProxy */;
		};
		98A67365267E0B7B001F643E /* PBXTargetDependency */ = {
			isa = PBXTargetDependency;
			target = 98A67341267E0B7A001F643E /* IrishInterest */;
			targetProxy = 98A67364267E0B7B001F643E /* PBXContainerItemProxy */;
		};
/* End PBXTargetDependency section */

/* Begin PBXVariantGroup section */
		98A67350267E0B7B001F643E /* LaunchScreen.storyboard */ = {
			isa = PBXVariantGroup;
			children = (
				98A67351267E0B7B001F643E /* Base */,
			);
			name = LaunchScreen.storyboard;
			sourceTree = "<group>";
		};
/* End PBXVariantGroup section */

/* Begin XCBuildConfiguration section */
		98A6736A267E0B7B001F643E /* Debug */ = {
			isa = XCBuildConfiguration;
			buildSettings = {
				ALWAYS_SEARCH_USER_PATHS = NO;
				CLANG_ANALYZER_NONNULL = YES;
				CLANG_ANALYZER_NUMBER_OBJECT_CONVERSION = YES_AGGRESSIVE;
				CLANG_CXX_LANGUAGE_STANDARD = "gnu++14";
				CLANG_CXX_LIBRARY = "libc++";
				CLANG_ENABLE_MODULES = YES;
				CLANG_ENABLE_OBJC_ARC = YES;
				CLANG_ENABLE_OBJC_WEAK = YES;
				CLANG_WARN_BLOCK_CAPTURE_AUTORELEASING = YES;
				CLANG_WARN_BOOL_CONVERSION = YES;
				CLANG_WARN_COMMA = YES;
				CLANG_WARN_CONSTANT_CONVERSION = YES;
				CLANG_WARN_DEPRECATED_OBJC_IMPLEMENTATIONS = YES;
				CLANG_WARN_DIRECT_OBJC_ISA_USAGE = YES_ERROR;
				CLANG_WARN_DOCUMENTATION_COMMENTS = YES;
				CLANG_WARN_EMPTY_BODY = YES;
				CLANG_WARN_ENUM_CONVERSION = YES;
				CLANG_WARN_INFINITE_RECURSION = YES;
				CLANG_WARN_INT_CONVERSION = YES;
				CLANG_WARN_NON_LITERAL_NULL_CONVERSION = YES;
				CLANG_WARN_OBJC_IMPLICIT_RETAIN_SELF = YES;
				CLANG_WARN_OBJC_LITERAL_CONVERSION = YES;
				CLANG_WARN_OBJC_ROOT_CLASS = YES_ERROR;
				CLANG_WARN_QUOTED_INCLUDE_IN_FRAMEWORK_HEADER = YES;
				CLANG_WARN_RANGE_LOOP_ANALYSIS = YES;
				CLANG_WARN_STRICT_PROTOTYPES = YES;
				CLANG_WARN_SUSPICIOUS_MOVE = YES;
				CLANG_WARN_UNGUARDED_AVAILABILITY = YES_AGGRESSIVE;
				CLANG_WARN_UNREACHABLE_CODE = YES;
				CLANG_WARN__DUPLICATE_METHOD_MATCH = YES;
				COPY_PHASE_STRIP = NO;
				DEBUG_INFORMATION_FORMAT = dwarf;
				ENABLE_STRICT_OBJC_MSGSEND = YES;
				ENABLE_TESTABILITY = YES;
				GCC_C_LANGUAGE_STANDARD = gnu11;
				GCC_DYNAMIC_NO_PIC = NO;
				GCC_NO_COMMON_BLOCKS = YES;
				GCC_OPTIMIZATION_LEVEL = 0;
				GCC_PREPROCESSOR_DEFINITIONS = (
					"DEBUG=1",
					"$(inherited)",
				);
				GCC_WARN_64_TO_32_BIT_CONVERSION = YES;
				GCC_WARN_ABOUT_RETURN_TYPE = YES_ERROR;
				GCC_WARN_UNDECLARED_SELECTOR = YES;
				GCC_WARN_UNINITIALIZED_AUTOS = YES_AGGRESSIVE;
				GCC_WARN_UNUSED_FUNCTION = YES;
				GCC_WARN_UNUSED_VARIABLE = YES;
				IPHONEOS_DEPLOYMENT_TARGET = 13.0;
				MTL_ENABLE_DEBUG_INFO = INCLUDE_SOURCE;
				MTL_FAST_MATH = YES;
				ONLY_ACTIVE_ARCH = YES;
				SDKROOT = iphoneos;
				SWIFT_ACTIVE_COMPILATION_CONDITIONS = DEBUG;
				SWIFT_OPTIMIZATION_LEVEL = "-Onone";
				SWIFT_VERSION = 5.0;
			};
			name = Debug;
		};
		98A6736B267E0B7B001F643E /* Release */ = {
			isa = XCBuildConfiguration;
			buildSettings = {
				ALWAYS_SEARCH_USER_PATHS = NO;
				CLANG_ANALYZER_NONNULL = YES;
				CLANG_ANALYZER_NUMBER_OBJECT_CONVERSION = YES_AGGRESSIVE;
				CLANG_CXX_LANGUAGE_STANDARD = "gnu++14";
				CLANG_CXX_LIBRARY = "libc++";
				CLANG_ENABLE_MODULES = YES;
				CLANG_ENABLE_OBJC_ARC = YES;
				CLANG_ENABLE_OBJC_WEAK = YES;
				CLANG_WARN_BLOCK_CAPTURE_AUTORELEASING = YES;
				CLANG_WARN_BOOL_CONVERSION = YES;
				CLANG_WARN_COMMA = YES;
				CLANG_WARN_CONSTANT_CONVERSION = YES;
				CLANG_WARN_DEPRECATED_OBJC_IMPLEMENTATIONS = YES;
				CLANG_WARN_DIRECT_OBJC_ISA_USAGE = YES_ERROR;
				CLANG_WARN_DOCUMENTATION_COMMENTS = YES;
				CLANG_WARN_EMPTY_BODY = YES;
				CLANG_WARN_ENUM_CONVERSION = YES;
				CLANG_WARN_INFINITE_RECURSION = YES;
				CLANG_WARN_INT_CONVERSION = YES;
				CLANG_WARN_NON_LITERAL_NULL_CONVERSION = YES;
				CLANG_WARN_OBJC_IMPLICIT_RETAIN_SELF = YES;
				CLANG_WARN_OBJC_LITERAL_CONVERSION = YES;
				CLANG_WARN_OBJC_ROOT_CLASS = YES_ERROR;
				CLANG_WARN_QUOTED_INCLUDE_IN_FRAMEWORK_HEADER = YES;
				CLANG_WARN_RANGE_LOOP_ANALYSIS = YES;
				CLANG_WARN_STRICT_PROTOTYPES = YES;
				CLANG_WARN_SUSPICIOUS_MOVE = YES;
				CLANG_WARN_UNGUARDED_AVAILABILITY = YES_AGGRESSIVE;
				CLANG_WARN_UNREACHABLE_CODE = YES;
				CLANG_WARN__DUPLICATE_METHOD_MATCH = YES;
				COPY_PHASE_STRIP = NO;
				DEBUG_INFORMATION_FORMAT = "dwarf-with-dsym";
				ENABLE_NS_ASSERTIONS = NO;
				ENABLE_STRICT_OBJC_MSGSEND = YES;
				GCC_C_LANGUAGE_STANDARD = gnu11;
				GCC_NO_COMMON_BLOCKS = YES;
				GCC_WARN_64_TO_32_BIT_CONVERSION = YES;
				GCC_WARN_ABOUT_RETURN_TYPE = YES_ERROR;
				GCC_WARN_UNDECLARED_SELECTOR = YES;
				GCC_WARN_UNINITIALIZED_AUTOS = YES_AGGRESSIVE;
				GCC_WARN_UNUSED_FUNCTION = YES;
				GCC_WARN_UNUSED_VARIABLE = YES;
				IPHONEOS_DEPLOYMENT_TARGET = 13.0;
				MTL_ENABLE_DEBUG_INFO = NO;
				MTL_FAST_MATH = YES;
				SDKROOT = iphoneos;
				SWIFT_COMPILATION_MODE = wholemodule;
				SWIFT_OPTIMIZATION_LEVEL = "-O";
				SWIFT_VERSION = 5.0;
				VALIDATE_PRODUCT = YES;
			};
			name = Release;
		};
		98A6736D267E0B7B001F643E /* Debug */ = {
			isa = XCBuildConfiguration;
			buildSettings = {
				ASSETCATALOG_COMPILER_APPICON_NAME = AppIcon;
				ASSETCATALOG_COMPILER_GLOBAL_ACCENT_COLOR_NAME = AccentColor;
				CODE_SIGN_IDENTITY = "Apple Development";
				CODE_SIGN_STYLE = Automatic;
				CURRENT_PROJECT_VERSION = 5;
				DEVELOPMENT_TEAM = 2PB2PL5ATQ;
				INFOPLIST_FILE = IrishInterest/Info.plist;
				LD_RUNPATH_SEARCH_PATHS = (
					"$(inherited)",
					"@executable_path/Frameworks",
				);
				MARKETING_VERSION = 1.0;
				PRODUCT_BUNDLE_IDENTIFIER = com.irishinterest.irishinterest;
				PRODUCT_NAME = "$(TARGET_NAME)";
				PROVISIONING_PROFILE_SPECIFIER = "";
				SWIFT_VERSION = 5.0;
				TARGETED_DEVICE_FAMILY = "1,2";
			};
			name = Debug;
		};
		98A6736E267E0B7B001F643E /* Release */ = {
			isa = XCBuildConfiguration;
			buildSettings = {
				ASSETCATALOG_COMPILER_APPICON_NAME = AppIcon;
				ASSETCATALOG_COMPILER_GLOBAL_ACCENT_COLOR_NAME = AccentColor;
				CODE_SIGN_IDENTITY = "Apple Development";
				CODE_SIGN_STYLE = Automatic;
				CURRENT_PROJECT_VERSION = 5;
				DEVELOPMENT_TEAM = 2PB2PL5ATQ;
				INFOPLIST_FILE = IrishInterest/Info.plist;
				LD_RUNPATH_SEARCH_PATHS = (
					"$(inherited)",
					"@executable_path/Frameworks",
				);
				MARKETING_VERSION = 1.0;
				PRODUCT_BUNDLE_IDENTIFIER = com.irishinterest.irishinterest;
				PRODUCT_NAME = "$(TARGET_NAME)";
				PROVISIONING_PROFILE_SPECIFIER = "";
				SWIFT_VERSION = 5.0;
				TARGETED_DEVICE_FAMILY = "1,2";
			};
			name = Release;
		};
		98A67370267E0B7B001F643E /* Debug */ = {
			isa = XCBuildConfiguration;
			buildSettings = {
				ALWAYS_EMBED_SWIFT_STANDARD_LIBRARIES = YES;
				BUNDLE_LOADER = "$(TEST_HOST)";
				CODE_SIGN_STYLE = Automatic;
				DEVELOPMENT_TEAM = FX92B544S7;
				INFOPLIST_FILE = IrishInterestTests/Info.plist;
				IPHONEOS_DEPLOYMENT_TARGET = 14.5;
				LD_RUNPATH_SEARCH_PATHS = (
					"$(inherited)",
					"@executable_path/Frameworks",
					"@loader_path/Frameworks",
				);
				PRODUCT_BUNDLE_IDENTIFIER = com.irishinterest.IrishInterestTests;
				PRODUCT_NAME = "$(TARGET_NAME)";
				SWIFT_VERSION = 5.0;
				TARGETED_DEVICE_FAMILY = "1,2";
				TEST_HOST = "$(BUILT_PRODUCTS_DIR)/IrishInterest.app/IrishInterest";
			};
			name = Debug;
		};
		98A67371267E0B7B001F643E /* Release */ = {
			isa = XCBuildConfiguration;
			buildSettings = {
				ALWAYS_EMBED_SWIFT_STANDARD_LIBRARIES = YES;
				BUNDLE_LOADER = "$(TEST_HOST)";
				CODE_SIGN_STYLE = Automatic;
				DEVELOPMENT_TEAM = FX92B544S7;
				INFOPLIST_FILE = IrishInterestTests/Info.plist;
				IPHONEOS_DEPLOYMENT_TARGET = 14.5;
				LD_RUNPATH_SEARCH_PATHS = (
					"$(inherited)",
					"@executable_path/Frameworks",
					"@loader_path/Frameworks",
				);
				PRODUCT_BUNDLE_IDENTIFIER = com.irishinterest.IrishInterestTests;
				PRODUCT_NAME = "$(TARGET_NAME)";
				SWIFT_VERSION = 5.0;
				TARGETED_DEVICE_FAMILY = "1,2";
				TEST_HOST = "$(BUILT_PRODUCTS_DIR)/IrishInterest.app/IrishInterest";
			};
			name = Release;
		};
		98A67373267E0B7B001F643E /* Debug */ = {
			isa = XCBuildConfiguration;
			buildSettings = {
				ALWAYS_EMBED_SWIFT_STANDARD_LIBRARIES = YES;
				CODE_SIGN_STYLE = Automatic;
				DEVELOPMENT_TEAM = FX92B544S7;
				INFOPLIST_FILE = IrishInterestUITests/Info.plist;
				LD_RUNPATH_SEARCH_PATHS = (
					"$(inherited)",
					"@executable_path/Frameworks",
					"@loader_path/Frameworks",
				);
				PRODUCT_BUNDLE_IDENTIFIER = com.irishinterest.IrishInterestUITests;
				PRODUCT_NAME = "$(TARGET_NAME)";
				SWIFT_VERSION = 5.0;
				TARGETED_DEVICE_FAMILY = "1,2";
				TEST_TARGET_NAME = IrishInterest;
			};
			name = Debug;
		};
		98A67374267E0B7B001F643E /* Release */ = {
			isa = XCBuildConfiguration;
			buildSettings = {
				ALWAYS_EMBED_SWIFT_STANDARD_LIBRARIES = YES;
				CODE_SIGN_STYLE = Automatic;
				DEVELOPMENT_TEAM = FX92B544S7;
				INFOPLIST_FILE = IrishInterestUITests/Info.plist;
				LD_RUNPATH_SEARCH_PATHS = (
					"$(inherited)",
					"@executable_path/Frameworks",
					"@loader_path/Frameworks",
				);
				PRODUCT_BUNDLE_IDENTIFIER = com.irishinterest.IrishInterestUITests;
				PRODUCT_NAME = "$(TARGET_NAME)";
				SWIFT_VERSION = 5.0;
				TARGETED_DEVICE_FAMILY = "1,2";
				TEST_TARGET_NAME = IrishInterest;
			};
			name = Release;
		};
/* End XCBuildConfiguration section */

/* Begin XCConfigurationList section */
		98A6733D267E0B7A001F643E /* Build configuration list for PBXProject "IrishInterest" */ = {
			isa = XCConfigurationList;
			buildConfigurations = (
				98A6736A267E0B7B001F643E /* Debug */,
				98A6736B267E0B7B001F643E /* Release */,
			);
			defaultConfigurationIsVisible = 0;
			defaultConfigurationName = Release;
		};
		98A6736C267E0B7B001F643E /* Build configuration list for PBXNativeTarget "IrishInterest" */ = {
			isa = XCConfigurationList;
			buildConfigurations = (
				98A6736D267E0B7B001F643E /* Debug */,
				98A6736E267E0B7B001F643E /* Release */,
			);
			defaultConfigurationIsVisible = 0;
			defaultConfigurationName = Release;
		};
		98A6736F267E0B7B001F643E /* Build configuration list for PBXNativeTarget "IrishInterestTests" */ = {
			isa = XCConfigurationList;
			buildConfigurations = (
				98A67370267E0B7B001F643E /* Debug */,
				98A67371267E0B7B001F643E /* Release */,
			);
			defaultConfigurationIsVisible = 0;
			defaultConfigurationName = Release;
		};
		98A67372267E0B7B001F643E /* Build configuration list for PBXNativeTarget "IrishInterestUITests" */ = {
			isa = XCConfigurationList;
			buildConfigurations = (
				98A67373267E0B7B001F643E /* Debug */,
				98A67374267E0B7B001F643E /* Release */,
			);
			defaultConfigurationIsVisible = 0;
			defaultConfigurationName = Release;
		};
/* End XCConfigurationList section */

/* Begin XCRemoteSwiftPackageReference section */
		98052C03268C08E900F3FB45 /* XCRemoteSwiftPackageReference "URLSessionDecodable" */ = {
			isa = XCRemoteSwiftPackageReference;
			repositoryURL = "https://github.com/ViacomInc/URLSessionDecodable.git";
			requirement = {
				kind = upToNextMajorVersion;
				minimumVersion = 0.1.2;
			};
		};
		98052C142690EA9700F3FB45 /* XCRemoteSwiftPackageReference "RxSwift" */ = {
			isa = XCRemoteSwiftPackageReference;
			repositoryURL = "https://github.com/ReactiveX/RxSwift.git";
			requirement = {
				kind = upToNextMajorVersion;
				minimumVersion = 6.2.0;
			};
		};
/* End XCRemoteSwiftPackageReference section */

/* Begin XCSwiftPackageProductDependency section */
		98052C04268C08E900F3FB45 /* URLSessionDecodable */ = {
			isa = XCSwiftPackageProductDependency;
			package = 98052C03268C08E900F3FB45 /* XCRemoteSwiftPackageReference "URLSessionDecodable" */;
			productName = URLSessionDecodable;
		};
		98052C152690EA9700F3FB45 /* RxSwift */ = {
			isa = XCSwiftPackageProductDependency;
			package = 98052C142690EA9700F3FB45 /* XCRemoteSwiftPackageReference "RxSwift" */;
			productName = RxSwift;
		};
		98052C172690EA9700F3FB45 /* RxCocoa */ = {
			isa = XCSwiftPackageProductDependency;
			package = 98052C142690EA9700F3FB45 /* XCRemoteSwiftPackageReference "RxSwift" */;
			productName = RxCocoa;
		};
/* End XCSwiftPackageProductDependency section */
	};
	rootObject = 98A6733A267E0B7A001F643E /* Project object */;
}
